
Microsoft Visual Studio Solution File, Format Version 12.00
# Visual Studio Version 17
VisualStudioVersion = 17.0.31903.59
MinimumVisualStudioVersion = 10.0.40219.1
Project("{2150E333-8FDC-42A3-9474-1A3956D46DE8}") = "src", "src", "{827E0CD3-B72D-47B6-A68D-7590B98EB39B}"
EndProject
Project("{FAE04EC0-301F-11D3-BF4B-00C04F79EFBC}") = "ATrade.AppHost", "src\ATrade.AppHost\ATrade.AppHost.csproj", "{DA0B8B96-327D-4348-B206-1DBA180612C4}"
EndProject
Project("{FAE04EC0-301F-11D3-BF4B-00C04F79EFBC}") = "ATrade.ServiceDefaults", "src\ATrade.ServiceDefaults\ATrade.ServiceDefaults.csproj", "{47911BED-BD2F-43BD-BF35-19F122067B38}"
EndProject
Project("{FAE04EC0-301F-11D3-BF4B-00C04F79EFBC}") = "ATrade.Api", "src\ATrade.Api\ATrade.Api.csproj", "{8F4D0E34-3718-4E93-8DAA-EE0C4DDC9B76}"
EndProject
Project("{FAE04EC0-301F-11D3-BF4B-00C04F79EFBC}") = "ATrade.Accounts", "src\ATrade.Accounts\ATrade.Accounts.csproj", "{42A261A0-D918-4F82-843A-17BB6B21F20C}"
EndProject
Project("{FAE04EC0-301F-11D3-BF4B-00C04F79EFBC}") = "ATrade.Orders", "src\ATrade.Orders\ATrade.Orders.csproj", "{36DD144D-81BB-493D-8DEF-E662CEE36325}"
EndProject
Project("{FAE04EC0-301F-11D3-BF4B-00C04F79EFBC}") = "ATrade.MarketData", "src\ATrade.MarketData\ATrade.MarketData.csproj", "{4F31A531-797A-45B5-9F8C-EB3C03695C34}"
EndProject
Project("{2150E333-8FDC-42A3-9474-1A3956D46DE8}") = "workers", "workers", "{20543853-AF10-B830-2A3D-9FE9F6ECBF6C}"
EndProject
Project("{FAE04EC0-301F-11D3-BF4B-00C04F79EFBC}") = "ATrade.Ibkr.Worker", "workers\ATrade.Ibkr.Worker\ATrade.Ibkr.Worker.csproj", "{354F7329-A11F-401B-A100-E1F6F33FDE25}"
EndProject
Project("{FAE04EC0-301F-11D3-BF4B-00C04F79EFBC}") = "ATrade.Brokers.Ibkr", "src\ATrade.Brokers.Ibkr\ATrade.Brokers.Ibkr.csproj", "{C5A64B2F-102E-4C7A-84C6-552356F62980}"
EndProject
Project("{2150E333-8FDC-42A3-9474-1A3956D46DE8}") = "tests", "tests", "{0AB3BF05-4346-4AA6-1389-037BE0695223}"
EndProject
Project("{FAE04EC0-301F-11D3-BF4B-00C04F79EFBC}") = "ATrade.Brokers.Ibkr.Tests", "tests\ATrade.Brokers.Ibkr.Tests\ATrade.Brokers.Ibkr.Tests.csproj", "{543E6758-E6D4-437E-80B2-77CDEF1D791A}"
EndProject
Project("{FAE04EC0-301F-11D3-BF4B-00C04F79EFBC}") = "ATrade.Orders.Tests", "tests\ATrade.Orders.Tests\ATrade.Orders.Tests.csproj", "{EF5731F0-31A0-4827-AF0E-7F5D8DBB4A71}"
EndProject
Project("{FAE04EC0-301F-11D3-BF4B-00C04F79EFBC}") = "ATrade.Brokers", "src\ATrade.Brokers\ATrade.Brokers.csproj", "{5004CEFA-9FD8-420D-82CF-46B57B13AE1F}"
EndProject
Project("{FAE04EC0-301F-11D3-BF4B-00C04F79EFBC}") = "ATrade.ProviderAbstractions.Tests", "tests\ATrade.ProviderAbstractions.Tests\ATrade.ProviderAbstractions.Tests.csproj", "{9566649E-6D96-49DA-B813-D2D7BCD9A6EE}"
EndProject
Project("{FAE04EC0-301F-11D3-BF4B-00C04F79EFBC}") = "ATrade.Workspaces", "src\ATrade.Workspaces\ATrade.Workspaces.csproj", "{1144158D-E7E4-4B1D-A6DE-04FD8E6535CC}"
EndProject
Project("{FAE04EC0-301F-11D3-BF4B-00C04F79EFBC}") = "ATrade.Workspaces.Tests", "tests\ATrade.Workspaces.Tests\ATrade.Workspaces.Tests.csproj", "{00671CF8-15D1-497B-B7D7-E29BB2111B49}"
EndProject
Global
	GlobalSection(SolutionConfigurationPlatforms) = preSolution
		Debug|Any CPU = Debug|Any CPU
		Debug|x64 = Debug|x64
		Debug|x86 = Debug|x86
		Release|Any CPU = Release|Any CPU
		Release|x64 = Release|x64
		Release|x86 = Release|x86
	EndGlobalSection
	GlobalSection(ProjectConfigurationPlatforms) = postSolution
		{DA0B8B96-327D-4348-B206-1DBA180612C4}.Debug|Any CPU.ActiveCfg = Debug|Any CPU
		{DA0B8B96-327D-4348-B206-1DBA180612C4}.Debug|Any CPU.Build.0 = Debug|Any CPU
		{DA0B8B96-327D-4348-B206-1DBA180612C4}.Debug|x64.ActiveCfg = Debug|Any CPU
		{DA0B8B96-327D-4348-B206-1DBA180612C4}.Debug|x64.Build.0 = Debug|Any CPU
		{DA0B8B96-327D-4348-B206-1DBA180612C4}.Debug|x86.ActiveCfg = Debug|Any CPU
		{DA0B8B96-327D-4348-B206-1DBA180612C4}.Debug|x86.Build.0 = Debug|Any CPU
		{DA0B8B96-327D-4348-B206-1DBA180612C4}.Release|Any CPU.ActiveCfg = Release|Any CPU
		{DA0B8B96-327D-4348-B206-1DBA180612C4}.Release|Any CPU.Build.0 = Release|Any CPU
		{DA0B8B96-327D-4348-B206-1DBA180612C4}.Release|x64.ActiveCfg = Release|Any CPU
		{DA0B8B96-327D-4348-B206-1DBA180612C4}.Release|x64.Build.0 = Release|Any CPU
		{DA0B8B96-327D-4348-B206-1DBA180612C4}.Release|x86.ActiveCfg = Release|Any CPU
		{DA0B8B96-327D-4348-B206-1DBA180612C4}.Release|x86.Build.0 = Release|Any CPU
		{47911BED-BD2F-43BD-BF35-19F122067B38}.Debug|Any CPU.ActiveCfg = Debug|Any CPU
		{47911BED-BD2F-43BD-BF35-19F122067B38}.Debug|Any CPU.Build.0 = Debug|Any CPU
		{47911BED-BD2F-43BD-BF35-19F122067B38}.Debug|x64.ActiveCfg = Debug|Any CPU
		{47911BED-BD2F-43BD-BF35-19F122067B38}.Debug|x64.Build.0 = Debug|Any CPU
		{47911BED-BD2F-43BD-BF35-19F122067B38}.Debug|x86.ActiveCfg = Debug|Any CPU
		{47911BED-BD2F-43BD-BF35-19F122067B38}.Debug|x86.Build.0 = Debug|Any CPU
		{47911BED-BD2F-43BD-BF35-19F122067B38}.Release|Any CPU.ActiveCfg = Release|Any CPU
		{47911BED-BD2F-43BD-BF35-19F122067B38}.Release|Any CPU.Build.0 = Release|Any CPU
		{47911BED-BD2F-43BD-BF35-19F122067B38}.Release|x64.ActiveCfg = Release|Any CPU
		{47911BED-BD2F-43BD-BF35-19F122067B38}.Release|x64.Build.0 = Release|Any CPU
		{47911BED-BD2F-43BD-BF35-19F122067B38}.Release|x86.ActiveCfg = Release|Any CPU
		{47911BED-BD2F-43BD-BF35-19F122067B38}.Release|x86.Build.0 = Release|Any CPU
		{8F4D0E34-3718-4E93-8DAA-EE0C4DDC9B76}.Debug|Any CPU.ActiveCfg = Debug|Any CPU
		{8F4D0E34-3718-4E93-8DAA-EE0C4DDC9B76}.Debug|Any CPU.Build.0 = Debug|Any CPU
		{8F4D0E34-3718-4E93-8DAA-EE0C4DDC9B76}.Debug|x64.ActiveCfg = Debug|Any CPU
		{8F4D0E34-3718-4E93-8DAA-EE0C4DDC9B76}.Debug|x64.Build.0 = Debug|Any CPU
		{8F4D0E34-3718-4E93-8DAA-EE0C4DDC9B76}.Debug|x86.ActiveCfg = Debug|Any CPU
		{8F4D0E34-3718-4E93-8DAA-EE0C4DDC9B76}.Debug|x86.Build.0 = Debug|Any CPU
		{8F4D0E34-3718-4E93-8DAA-EE0C4DDC9B76}.Release|Any CPU.ActiveCfg = Release|Any CPU
		{8F4D0E34-3718-4E93-8DAA-EE0C4DDC9B76}.Release|Any CPU.Build.0 = Release|Any CPU
		{8F4D0E34-3718-4E93-8DAA-EE0C4DDC9B76}.Release|x64.ActiveCfg = Release|Any CPU
		{8F4D0E34-3718-4E93-8DAA-EE0C4DDC9B76}.Release|x64.Build.0 = Release|Any CPU
		{8F4D0E34-3718-4E93-8DAA-EE0C4DDC9B76}.Release|x86.ActiveCfg = Release|Any CPU
		{8F4D0E34-3718-4E93-8DAA-EE0C4DDC9B76}.Release|x86.Build.0 = Release|Any CPU
		{42A261A0-D918-4F82-843A-17BB6B21F20C}.Debug|Any CPU.ActiveCfg = Debug|Any CPU
		{42A261A0-D918-4F82-843A-17BB6B21F20C}.Debug|Any CPU.Build.0 = Debug|Any CPU
		{42A261A0-D918-4F82-843A-17BB6B21F20C}.Debug|x64.ActiveCfg = Debug|Any CPU
		{42A261A0-D918-4F82-843A-17BB6B21F20C}.Debug|x64.Build.0 = Debug|Any CPU
		{42A261A0-D918-4F82-843A-17BB6B21F20C}.Debug|x86.ActiveCfg = Debug|Any CPU
		{42A261A0-D918-4F82-843A-17BB6B21F20C}.Debug|x86.Build.0 = Debug|Any CPU
		{42A261A0-D918-4F82-843A-17BB6B21F20C}.Release|Any CPU.ActiveCfg = Release|Any CPU
		{42A261A0-D918-4F82-843A-17BB6B21F20C}.Release|Any CPU.Build.0 = Release|Any CPU
		{42A261A0-D918-4F82-843A-17BB6B21F20C}.Release|x64.ActiveCfg = Release|Any CPU
		{42A261A0-D918-4F82-843A-17BB6B21F20C}.Release|x64.Build.0 = Release|Any CPU
		{42A261A0-D918-4F82-843A-17BB6B21F20C}.Release|x86.ActiveCfg = Release|Any CPU
		{42A261A0-D918-4F82-843A-17BB6B21F20C}.Release|x86.Build.0 = Release|Any CPU
		{36DD144D-81BB-493D-8DEF-E662CEE36325}.Debug|Any CPU.ActiveCfg = Debug|Any CPU
		{36DD144D-81BB-493D-8DEF-E662CEE36325}.Debug|Any CPU.Build.0 = Debug|Any CPU
		{36DD144D-81BB-493D-8DEF-E662CEE36325}.Debug|x64.ActiveCfg = Debug|Any CPU
		{36DD144D-81BB-493D-8DEF-E662CEE36325}.Debug|x64.Build.0 = Debug|Any CPU
		{36DD144D-81BB-493D-8DEF-E662CEE36325}.Debug|x86.ActiveCfg = Debug|Any CPU
		{36DD144D-81BB-493D-8DEF-E662CEE36325}.Debug|x86.Build.0 = Debug|Any CPU
		{36DD144D-81BB-493D-8DEF-E662CEE36325}.Release|Any CPU.ActiveCfg = Release|Any CPU
		{36DD144D-81BB-493D-8DEF-E662CEE36325}.Release|Any CPU.Build.0 = Release|Any CPU
		{36DD144D-81BB-493D-8DEF-E662CEE36325}.Release|x64.ActiveCfg = Release|Any CPU
		{36DD144D-81BB-493D-8DEF-E662CEE36325}.Release|x64.Build.0 = Release|Any CPU
		{36DD144D-81BB-493D-8DEF-E662CEE36325}.Release|x86.ActiveCfg = Release|Any CPU
		{36DD144D-81BB-493D-8DEF-E662CEE36325}.Release|x86.Build.0 = Release|Any CPU
		{4F31A531-797A-45B5-9F8C-EB3C03695C34}.Debug|Any CPU.ActiveCfg = Debug|Any CPU
		{4F31A531-797A-45B5-9F8C-EB3C03695C34}.Debug|Any CPU.Build.0 = Debug|Any CPU
		{4F31A531-797A-45B5-9F8C-EB3C03695C34}.Debug|x64.ActiveCfg = Debug|Any CPU
		{4F31A531-797A-45B5-9F8C-EB3C03695C34}.Debug|x64.Build.0 = Debug|Any CPU
		{4F31A531-797A-45B5-9F8C-EB3C03695C34}.Debug|x86.ActiveCfg = Debug|Any CPU
		{4F31A531-797A-45B5-9F8C-EB3C03695C34}.Debug|x86.Build.0 = Debug|Any CPU
		{4F31A531-797A-45B5-9F8C-EB3C03695C34}.Release|Any CPU.ActiveCfg = Release|Any CPU
		{4F31A531-797A-45B5-9F8C-EB3C03695C34}.Release|Any CPU.Build.0 = Release|Any CPU
		{4F31A531-797A-45B5-9F8C-EB3C03695C34}.Release|x64.ActiveCfg = Release|Any CPU
		{4F31A531-797A-45B5-9F8C-EB3C03695C34}.Release|x64.Build.0 = Release|Any CPU
		{4F31A531-797A-45B5-9F8C-EB3C03695C34}.Release|x86.ActiveCfg = Release|Any CPU
		{4F31A531-797A-45B5-9F8C-EB3C03695C34}.Release|x86.Build.0 = Release|Any CPU
		{354F7329-A11F-401B-A100-E1F6F33FDE25}.Debug|Any CPU.ActiveCfg = Debug|Any CPU
		{354F7329-A11F-401B-A100-E1F6F33FDE25}.Debug|Any CPU.Build.0 = Debug|Any CPU
		{354F7329-A11F-401B-A100-E1F6F33FDE25}.Debug|x64.ActiveCfg = Debug|Any CPU
		{354F7329-A11F-401B-A100-E1F6F33FDE25}.Debug|x64.Build.0 = Debug|Any CPU
		{354F7329-A11F-401B-A100-E1F6F33FDE25}.Debug|x86.ActiveCfg = Debug|Any CPU
		{354F7329-A11F-401B-A100-E1F6F33FDE25}.Debug|x86.Build.0 = Debug|Any CPU
		{354F7329-A11F-401B-A100-E1F6F33FDE25}.Release|Any CPU.ActiveCfg = Release|Any CPU
		{354F7329-A11F-401B-A100-E1F6F33FDE25}.Release|Any CPU.Build.0 = Release|Any CPU
		{354F7329-A11F-401B-A100-E1F6F33FDE25}.Release|x64.ActiveCfg = Release|Any CPU
		{354F7329-A11F-401B-A100-E1F6F33FDE25}.Release|x64.Build.0 = Release|Any CPU
		{354F7329-A11F-401B-A100-E1F6F33FDE25}.Release|x86.ActiveCfg = Release|Any CPU
		{354F7329-A11F-401B-A100-E1F6F33FDE25}.Release|x86.Build.0 = Release|Any CPU
		{C5A64B2F-102E-4C7A-84C6-552356F62980}.Debug|Any CPU.ActiveCfg = Debug|Any CPU
		{C5A64B2F-102E-4C7A-84C6-552356F62980}.Debug|Any CPU.Build.0 = Debug|Any CPU
		{C5A64B2F-102E-4C7A-84C6-552356F62980}.Debug|x64.ActiveCfg = Debug|Any CPU
		{C5A64B2F-102E-4C7A-84C6-552356F62980}.Debug|x64.Build.0 = Debug|Any CPU
		{C5A64B2F-102E-4C7A-84C6-552356F62980}.Debug|x86.ActiveCfg = Debug|Any CPU
		{C5A64B2F-102E-4C7A-84C6-552356F62980}.Debug|x86.Build.0 = Debug|Any CPU
		{C5A64B2F-102E-4C7A-84C6-552356F62980}.Release|Any CPU.ActiveCfg = Release|Any CPU
		{C5A64B2F-102E-4C7A-84C6-552356F62980}.Release|Any CPU.Build.0 = Release|Any CPU
		{C5A64B2F-102E-4C7A-84C6-552356F62980}.Release|x64.ActiveCfg = Release|Any CPU
		{C5A64B2F-102E-4C7A-84C6-552356F62980}.Release|x64.Build.0 = Release|Any CPU
		{C5A64B2F-102E-4C7A-84C6-552356F62980}.Release|x86.ActiveCfg = Release|Any CPU
		{C5A64B2F-102E-4C7A-84C6-552356F62980}.Release|x86.Build.0 = Release|Any CPU
		{543E6758-E6D4-437E-80B2-77CDEF1D791A}.Debug|Any CPU.ActiveCfg = Debug|Any CPU
		{543E6758-E6D4-437E-80B2-77CDEF1D791A}.Debug|Any CPU.Build.0 = Debug|Any CPU
		{543E6758-E6D4-437E-80B2-77CDEF1D791A}.Debug|x64.ActiveCfg = Debug|Any CPU
		{543E6758-E6D4-437E-80B2-77CDEF1D791A}.Debug|x64.Build.0 = Debug|Any CPU
		{543E6758-E6D4-437E-80B2-77CDEF1D791A}.Debug|x86.ActiveCfg = Debug|Any CPU
		{543E6758-E6D4-437E-80B2-77CDEF1D791A}.Debug|x86.Build.0 = Debug|Any CPU
		{543E6758-E6D4-437E-80B2-77CDEF1D791A}.Release|Any CPU.ActiveCfg = Release|Any CPU
		{543E6758-E6D4-437E-80B2-77CDEF1D791A}.Release|Any CPU.Build.0 = Release|Any CPU
		{543E6758-E6D4-437E-80B2-77CDEF1D791A}.Release|x64.ActiveCfg = Release|Any CPU
		{543E6758-E6D4-437E-80B2-77CDEF1D791A}.Release|x64.Build.0 = Release|Any CPU
		{543E6758-E6D4-437E-80B2-77CDEF1D791A}.Release|x86.ActiveCfg = Release|Any CPU
		{543E6758-E6D4-437E-80B2-77CDEF1D791A}.Release|x86.Build.0 = Release|Any CPU
		{EF5731F0-31A0-4827-AF0E-7F5D8DBB4A71}.Debug|Any CPU.ActiveCfg = Debug|Any CPU
		{EF5731F0-31A0-4827-AF0E-7F5D8DBB4A71}.Debug|Any CPU.Build.0 = Debug|Any CPU
		{EF5731F0-31A0-4827-AF0E-7F5D8DBB4A71}.Debug|x64.ActiveCfg = Debug|Any CPU
		{EF5731F0-31A0-4827-AF0E-7F5D8DBB4A71}.Debug|x64.Build.0 = Debug|Any CPU
		{EF5731F0-31A0-4827-AF0E-7F5D8DBB4A71}.Debug|x86.ActiveCfg = Debug|Any CPU
		{EF5731F0-31A0-4827-AF0E-7F5D8DBB4A71}.Debug|x86.Build.0 = Debug|Any CPU
		{EF5731F0-31A0-4827-AF0E-7F5D8DBB4A71}.Release|Any CPU.ActiveCfg = Release|Any CPU
		{EF5731F0-31A0-4827-AF0E-7F5D8DBB4A71}.Release|Any CPU.Build.0 = Release|Any CPU
		{EF5731F0-31A0-4827-AF0E-7F5D8DBB4A71}.Release|x64.ActiveCfg = Release|Any CPU
		{EF5731F0-31A0-4827-AF0E-7F5D8DBB4A71}.Release|x64.Build.0 = Release|Any CPU
		{EF5731F0-31A0-4827-AF0E-7F5D8DBB4A71}.Release|x86.ActiveCfg = Release|Any CPU
		{EF5731F0-31A0-4827-AF0E-7F5D8DBB4A71}.Release|x86.Build.0 = Release|Any CPU
		{5004CEFA-9FD8-420D-82CF-46B57B13AE1F}.Debug|Any CPU.ActiveCfg = Debug|Any CPU
		{5004CEFA-9FD8-420D-82CF-46B57B13AE1F}.Debug|Any CPU.Build.0 = Debug|Any CPU
		{5004CEFA-9FD8-420D-82CF-46B57B13AE1F}.Debug|x64.ActiveCfg = Debug|Any CPU
		{5004CEFA-9FD8-420D-82CF-46B57B13AE1F}.Debug|x64.Build.0 = Debug|Any CPU
		{5004CEFA-9FD8-420D-82CF-46B57B13AE1F}.Debug|x86.ActiveCfg = Debug|Any CPU
		{5004CEFA-9FD8-420D-82CF-46B57B13AE1F}.Debug|x86.Build.0 = Debug|Any CPU
		{5004CEFA-9FD8-420D-82CF-46B57B13AE1F}.Release|Any CPU.ActiveCfg = Release|Any CPU
		{5004CEFA-9FD8-420D-82CF-46B57B13AE1F}.Release|Any CPU.Build.0 = Release|Any CPU
		{5004CEFA-9FD8-420D-82CF-46B57B13AE1F}.Release|x64.ActiveCfg = Release|Any CPU
		{5004CEFA-9FD8-420D-82CF-46B57B13AE1F}.Release|x64.Build.0 = Release|Any CPU
		{5004CEFA-9FD8-420D-82CF-46B57B13AE1F}.Release|x86.ActiveCfg = Release|Any CPU
		{5004CEFA-9FD8-420D-82CF-46B57B13AE1F}.Release|x86.Build.0 = Release|Any CPU
		{9566649E-6D96-49DA-B813-D2D7BCD9A6EE}.Debug|Any CPU.ActiveCfg = Debug|Any CPU
		{9566649E-6D96-49DA-B813-D2D7BCD9A6EE}.Debug|Any CPU.Build.0 = Debug|Any CPU
		{9566649E-6D96-49DA-B813-D2D7BCD9A6EE}.Debug|x64.ActiveCfg = Debug|Any CPU
		{9566649E-6D96-49DA-B813-D2D7BCD9A6EE}.Debug|x64.Build.0 = Debug|Any CPU
		{9566649E-6D96-49DA-B813-D2D7BCD9A6EE}.Debug|x86.ActiveCfg = Debug|Any CPU
		{9566649E-6D96-49DA-B813-D2D7BCD9A6EE}.Debug|x86.Build.0 = Debug|Any CPU
		{9566649E-6D96-49DA-B813-D2D7BCD9A6EE}.Release|Any CPU.ActiveCfg = Release|Any CPU
		{9566649E-6D96-49DA-B813-D2D7BCD9A6EE}.Release|Any CPU.Build.0 = Release|Any CPU
		{9566649E-6D96-49DA-B813-D2D7BCD9A6EE}.Release|x64.ActiveCfg = Release|Any CPU
		{9566649E-6D96-49DA-B813-D2D7BCD9A6EE}.Release|x64.Build.0 = Release|Any CPU
		{9566649E-6D96-49DA-B813-D2D7BCD9A6EE}.Release|x86.ActiveCfg = Release|Any CPU
		{9566649E-6D96-49DA-B813-D2D7BCD9A6EE}.Release|x86.Build.0 = Release|Any CPU
		{1144158D-E7E4-4B1D-A6DE-04FD8E6535CC}.Debug|Any CPU.ActiveCfg = Debug|Any CPU
		{1144158D-E7E4-4B1D-A6DE-04FD8E6535CC}.Debug|Any CPU.Build.0 = Debug|Any CPU
		{1144158D-E7E4-4B1D-A6DE-04FD8E6535CC}.Debug|x64.ActiveCfg = Debug|Any CPU
		{1144158D-E7E4-4B1D-A6DE-04FD8E6535CC}.Debug|x64.Build.0 = Debug|Any CPU
		{1144158D-E7E4-4B1D-A6DE-04FD8E6535CC}.Debug|x86.ActiveCfg = Debug|Any CPU
		{1144158D-E7E4-4B1D-A6DE-04FD8E6535CC}.Debug|x86.Build.0 = Debug|Any CPU
		{1144158D-E7E4-4B1D-A6DE-04FD8E6535CC}.Release|Any CPU.ActiveCfg = Release|Any CPU
		{1144158D-E7E4-4B1D-A6DE-04FD8E6535CC}.Release|Any CPU.Build.0 = Release|Any CPU
		{1144158D-E7E4-4B1D-A6DE-04FD8E6535CC}.Release|x64.ActiveCfg = Release|Any CPU
		{1144158D-E7E4-4B1D-A6DE-04FD8E6535CC}.Release|x64.Build.0 = Release|Any CPU
		{1144158D-E7E4-4B1D-A6DE-04FD8E6535CC}.Release|x86.ActiveCfg = Release|Any CPU
		{1144158D-E7E4-4B1D-A6DE-04FD8E6535CC}.Release|x86.Build.0 = Release|Any CPU
		{00671CF8-15D1-497B-B7D7-E29BB2111B49}.Debug|Any CPU.ActiveCfg = Debug|Any CPU
		{00671CF8-15D1-497B-B7D7-E29BB2111B49}.Debug|Any CPU.Build.0 = Debug|Any CPU
		{00671CF8-15D1-497B-B7D7-E29BB2111B49}.Debug|x64.ActiveCfg = Debug|Any CPU
		{00671CF8-15D1-497B-B7D7-E29BB2111B49}.Debug|x64.Build.0 = Debug|Any CPU
		{00671CF8-15D1-497B-B7D7-E29BB2111B49}.Debug|x86.ActiveCfg = Debug|Any CPU
		{00671CF8-15D1-497B-B7D7-E29BB2111B49}.Debug|x86.Build.0 = Debug|Any CPU
		{00671CF8-15D1-497B-B7D7-E29BB2111B49}.Release|Any CPU.ActiveCfg = Release|Any CPU
		{00671CF8-15D1-497B-B7D7-E29BB2111B49}.Release|Any CPU.Build.0 = Release|Any CPU
		{00671CF8-15D1-497B-B7D7-E29BB2111B49}.Release|x64.ActiveCfg = Release|Any CPU
		{00671CF8-15D1-497B-B7D7-E29BB2111B49}.Release|x64.Build.0 = Release|Any CPU
		{00671CF8-15D1-497B-B7D7-E29BB2111B49}.Release|x86.ActiveCfg = Release|Any CPU
		{00671CF8-15D1-497B-B7D7-E29BB2111B49}.Release|x86.Build.0 = Release|Any CPU
	EndGlobalSection
	GlobalSection(SolutionProperties) = preSolution
		HideSolutionNode = FALSE
	EndGlobalSection
	GlobalSection(NestedProjects) = preSolution
		{DA0B8B96-327D-4348-B206-1DBA180612C4} = {827E0CD3-B72D-47B6-A68D-7590B98EB39B}
		{47911BED-BD2F-43BD-BF35-19F122067B38} = {827E0CD3-B72D-47B6-A68D-7590B98EB39B}
		{8F4D0E34-3718-4E93-8DAA-EE0C4DDC9B76} = {827E0CD3-B72D-47B6-A68D-7590B98EB39B}
		{42A261A0-D918-4F82-843A-17BB6B21F20C} = {827E0CD3-B72D-47B6-A68D-7590B98EB39B}
		{36DD144D-81BB-493D-8DEF-E662CEE36325} = {827E0CD3-B72D-47B6-A68D-7590B98EB39B}
		{4F31A531-797A-45B5-9F8C-EB3C03695C34} = {827E0CD3-B72D-47B6-A68D-7590B98EB39B}
		{354F7329-A11F-401B-A100-E1F6F33FDE25} = {20543853-AF10-B830-2A3D-9FE9F6ECBF6C}
		{C5A64B2F-102E-4C7A-84C6-552356F62980} = {827E0CD3-B72D-47B6-A68D-7590B98EB39B}
		{543E6758-E6D4-437E-80B2-77CDEF1D791A} = {0AB3BF05-4346-4AA6-1389-037BE0695223}
		{EF5731F0-31A0-4827-AF0E-7F5D8DBB4A71} = {0AB3BF05-4346-4AA6-1389-037BE0695223}
		{5004CEFA-9FD8-420D-82CF-46B57B13AE1F} = {827E0CD3-B72D-47B6-A68D-7590B98EB39B}
		{9566649E-6D96-49DA-B813-D2D7BCD9A6EE} = {0AB3BF05-4346-4AA6-1389-037BE0695223}
		{1144158D-E7E4-4B1D-A6DE-04FD8E6535CC} = {827E0CD3-B72D-47B6-A68D-7590B98EB39B}
		{00671CF8-15D1-497B-B7D7-E29BB2111B49} = {0AB3BF05-4346-4AA6-1389-037BE0695223}
	EndGlobalSection
EndGlobal
